Microsoft Visual Studio Solution File, Format Version 12.00
# Visual Studio Version 17
VisualStudioVersion = 17.5.2.0
MinimumVisualStudioVersion = 10.0.40219.1
Project("{2150E333-8FDC-42A3-9474-1A3956D46DE8}") = "src", "src", "{827E0CD3-B72D-47B6-A68D-7590B98EB39B}"
EndProject
Project("{FAE04EC0-301F-11D3-BF4B-00C04F79EFBC}") = "Alarmist.API", "Alarmist.API\Alarmist.API.csproj", "{3FE489A7-6281-60D0-8870-A4549CDA88F7}"
EndProject
Project("{FAE04EC0-301F-11D3-BF4B-00C04F79EFBC}") = "Alarmist.Application", "Alarmist.Application\Alarmist.Application.csproj", "{014D60BE-81F4-C4FC-9D84-5FA41BB146BE}"
EndProject
Project("{FAE04EC0-301F-11D3-BF4B-00C04F79EFBC}") = "Alarmist.Domain", "Alarmist.Domain\Alarmist.Domain.csproj", "{CC80352D-A3A5-749C-CA99-9EBA810D689D}"
EndProject
Project("{FAE04EC0-301F-11D3-BF4B-00C04F79EFBC}") = "Alarmist.Infrastructure", "Alarmist.Infrastructure\Alarmist.Infrastructure.csproj", "{488B03D1-9175-FDE0-DF27-A399B91F1A7F}"
EndProject
Global
	GlobalSection(SolutionConfigurationPlatforms) = preSolution
		Debug|Any CPU = Debug|Any CPU
		Release|Any CPU = Release|Any CPU
	EndGlobalSection
	GlobalSection(ProjectConfigurationPlatforms) = postSolution
		{3FE489A7-6281-60D0-8870-A4549CDA88F7}.Debug|Any CPU.ActiveCfg = Debug|Any CPU
		{3FE489A7-6281-60D0-8870-A4549CDA88F7}.Debug|Any CPU.Build.0 = Debug|Any CPU
		{3FE489A7-6281-60D0-8870-A4549CDA88F7}.Release|Any CPU.ActiveCfg = Release|Any CPU
		{3FE489A7-6281-60D0-8870-A4549CDA88F7}.Release|Any CPU.Build.0 = Release|Any CPU
		{014D60BE-81F4-C4FC-9D84-5FA41BB146BE}.Debug|Any CPU.ActiveCfg = Debug|Any CPU
		{014D60BE-81F4-C4FC-9D84-5FA41BB146BE}.Debug|Any CPU.Build.0 = Debug|Any CPU
		{014D60BE-81F4-C4FC-9D84-5FA41BB146BE}.Release|Any CPU.ActiveCfg = Release|Any CPU
		{014D60BE-81F4-C4FC-9D84-5FA41BB146BE}.Release|Any CPU.Build.0 = Release|Any CPU
		{CC80352D-A3A5-749C-CA99-9EBA810D689D}.Debug|Any CPU.ActiveCfg = Debug|Any CPU
		{CC80352D-A3A5-749C-CA99-9EBA810D689D}.Debug|Any CPU.Build.0 = Debug|Any CPU
		{CC80352D-A3A5-749C-CA99-9EBA810D689D}.Release|Any CPU.ActiveCfg = Release|Any CPU
		{CC80352D-A3A5-749C-CA99-9EBA810D689D}.Release|Any CPU.Build.0 = Release|Any CPU
		{488B03D1-9175-FDE0-DF27-A399B91F1A7F}.Debug|Any CPU.ActiveCfg = Debug|Any CPU
		{488B03D1-9175-FDE0-DF27-A399B91F1A7F}.Debug|Any CPU.Build.0 = Debug|Any CPU
		{488B03D1-9175-FDE0-DF27-A399B91F1A7F}.Release|Any CPU.ActiveCfg = Release|Any CPU
		{488B03D1-9175-FDE0-DF27-A399B91F1A7F}.Release|Any CPU.Build.0 = Release|Any CPU
	EndGlobalSection
	GlobalSection(SolutionProperties) = preSolution
		HideSolutionNode = FALSE
	EndGlobalSection
	GlobalSection(NestedProjects) = preSolution
		{3FE489A7-6281-60D0-8870-A4549CDA88F7} = {827E0CD3-B72D-47B6-A68D-7590B98EB39B}
		{014D60BE-81F4-C4FC-9D84-5FA41BB146BE} = {827E0CD3-B72D-47B6-A68D-7590B98EB39B}
		{CC80352D-A3A5-749C-CA99-9EBA810D689D} = {827E0CD3-B72D-47B6-A68D-7590B98EB39B}
		{488B03D1-9175-FDE0-DF27-A399B91F1A7F} = {827E0CD3-B72D-47B6-A68D-7590B98EB39B}
	EndGlobalSection
	GlobalSection(ExtensibilityGlobals) = postSolution
		SolutionGuid = {B3954505-3192-4EB2-941C-6D53E50C3074}
	EndGlobalSection
EndGlobal
